
Microsoft Visual Studio Solution File, Format Version 12.00
# Visual Studio 15
VisualStudioVersion = 15.0.26403.0
MinimumVisualStudioVersion = 10.0.40219.1
Project("{8BC9CEB8-8B4A-11D0-8D11-00A0C91BC942}") = "CISP360b_Project", "CISP360b_Project\CISP360b_Project.vcxproj", "{17752252-8095-40B6-8118-A7CED0B7C4BE}"
EndProject
Global
	GlobalSection(SolutionConfigurationPlatforms) = preSolution
		Debug|x64 = Debug|x64
		Debug|x86 = Debug|x86
		Release|x64 = Release|x64
		Release|x86 = Release|x86
	EndGlobalSection
	GlobalSection(ProjectConfigurationPlatforms) = postSolution
		{17752252-8095-40B6-8118-A7CED0B7C4BE}.Debug|x64.ActiveCfg = Debug|x64
		{17752252-8095-40B6-8118-A7CED0B7C4BE}.Debug|x64.Build.0 = Debug|x64
		{17752252-8095-40B6-8118-A7CED0B7C4BE}.Debug|x86.ActiveCfg = Debug|Win32
		{17752252-8095-40B6-8118-A7CED0B7C4BE}.Debug|x86.Build.0 = Debug|Win32
		{17752252-8095-40B6-8118-A7CED0B7C4BE}.Release|x64.ActiveCfg = Release|x64
		{17752252-8095-40B6-8118-A7CED0B7C4BE}.Release|x64.Build.0 = Release|x64
		{17752252-8095-40B6-8118-A7CED0B7C4BE}.Release|x86.ActiveCfg = Release|Win32
		{17752252-8095-40B6-8118-A7CED0B7C4BE}.Release|x86.Build.0 = Release|Win32
	EndGlobalSection
	GlobalSection(SolutionProperties) = preSolution
		HideSolutionNode = FALSE
	EndGlobalSection
EndGlobal
